dependencies:
- name: base
  repository: https://istio-release.storage.googleapis.com/charts
  version: 1.28.0
- name: istiod
  repository: https://istio-release.storage.googleapis.com/charts
  version: 1.28.0
- name: kiali-server
  repository: https://kiali.org/helm-charts
  version: 2.19.0
digest: sha256:416d160f8fbe7a49a031730ad0fa3d391fe470cb8652c99ab7c1f8512a6f7e79
generated: "2025-12-02T09:21:57.333070052Z"
