dependencies:
- name: base
  repository: https://istio-release.storage.googleapis.com/charts
  version: 1.28.0
- name: istiod
  repository: https://istio-release.storage.googleapis.com/charts
  version: 1.28.0
- name: kiali-server
  repository: https://kiali.org/helm-charts
  version: 2.19.0
digest: sha256:a18b06a497e1fb72756b9edfa20bcd25fcf9259eb7caed5886949941a4e4a7ab
generated: "2025-12-04T03:06:26.893348411Z"
